// !$*UTF8*$!
{
	archiveVersion = 1;
	classes = {
	};
	objectVersion = 46;
	objects = {

/* Begin PBXBuildFile section */
		79122CE5193FF85E0032E797 /* Foundation.framework in Frameworks */ = {isa = PBXBuildFile; fileRef = 79122CE4193FF85E0032E797 /* Foundation.framework */; };
		79122CE7193FF85E0032E797 /* CoreGraphics.framework in Frameworks */ = {isa = PBXBuildFile; fileRef = 79122CE6193FF85E0032E797 /* CoreGraphics.framework */; };
		79122CE9193FF85E0032E797 /* UIKit.framework in Frameworks */ = {isa = PBXBuildFile; fileRef = 79122CE8193FF85E0032E797 /* UIKit.framework */; };
		79122CEF193FF85E0032E797 /* InfoPlist.strings in Resources */ = {isa = PBXBuildFile; fileRef = 79122CED193FF85E0032E797 /* InfoPlist.strings */; };
		79122CF1193FF85E0032E797 /* main.m in Sources */ = {isa = PBXBuildFile; fileRef = 79122CF0193FF85E0032E797 /* main.m */; };
		79122CF5193FF85E0032E797 /* FCLAppDelegate.m in Sources */ = {isa = PBXBuildFile; fileRef = 79122CF4193FF85E0032E797 /* FCLAppDelegate.m */; };
		79122CF8193FF85E0032E797 /* Main.storyboard in Resources */ = {isa = PBXBuildFile; fileRef = 79122CF6193FF85E0032E797 /* Main.storyboard */; };
		79122CFB193FF85E0032E797 /* FCLViewController.m in Sources */ = {isa = PBXBuildFile; fileRef = 79122CFA193FF85E0032E797 /* FCLViewController.m */; };
		79122CFD193FF85E0032E797 /* Images.xcassets in Resources */ = {isa = PBXBuildFile; fileRef = 79122CFC193FF85E0032E797 /* Images.xcassets */; };
		79122D04193FF85E0032E797 /* XCTest.framework in Frameworks */ = {isa = PBXBuildFile; fileRef = 79122D03193FF85E0032E797 /* XCTest.framework */; };
		79122D05193FF85E0032E797 /* Foundation.framework in Frameworks */ = {isa = PBXBuildFile; fileRef = 79122CE4193FF85E0032E797 /* Foundation.framework */; };
		79122D06193FF85E0032E797 /* UIKit.framework in Frameworks */ = {isa = PBXBuildFile; fileRef = 79122CE8193FF85E0032E797 /* UIKit.framework */; };
		79122D0E193FF85E0032E797 /* InfoPlist.strings in Resources */ = {isa = PBXBuildFile; fileRef = 79122D0C193FF85E0032E797 /* InfoPlist.strings */; };
		79122D10193FF85E0032E797 /* myAddressBookTests.m in Sources */ = {isa = PBXBuildFile; fileRef = 79122D0F193FF85E0032E797 /* myAddressBookTests.m */; };
/* End PBXBuildFile section */

/* Begin PBXContainerItemProxy section */
		79122D07193FF85E0032E797 /* PBXContainerItemProxy */ = {
			isa = PBXContainerItemProxy;
			containerPortal = 79122CD9193FF85E0032E797 /* Project object */;
			proxyType = 1;
			remoteGlobalIDString = 79122CE0193FF85E0032E797;
			remoteInfo = myAddressBook;
		};
/* End PBXContainerItemProxy section */

/* Begin PBXFileReference section */
		79122CE1193FF85E0032E797 /* myAddressBook.app */ = {isa = PBXFileReference; explicitFileType = wrapper.application; includeInIndex = 0; path = myAddressBook.app; sourceTree = BUILT_PRODUCTS_DIR; };
		79122CE4193FF85E0032E797 /* Foundation.framework */ = {isa = PBXFileReference; lastKnownFileType = wrapper.framework; name = Foundation.framework; path = System/Library/Frameworks/Foundation.framework; sourceTree = SDKROOT; };
		79122CE6193FF85E0032E797 /* CoreGraphics.framework */ = {isa = PBXFileReference; lastKnownFileType = wrapper.framework; name = CoreGraphics.framework; path = System/Library/Frameworks/CoreGraphics.framework; sourceTree = SDKROOT; };
		79122CE8193FF85E0032E797 /* UIKit.framework */ = {isa = PBXFileReference; lastKnownFileType = wrapper.framework; name = UIKit.framework; path = System/Library/Frameworks/UIKit.framework; sourceTree = SDKROOT; };
		79122CEC193FF85E0032E797 /* myAddressBook-Info.plist */ = {isa = PBXFileReference; lastKnownFileType = text.plist.xml; path = "myAddressBook-Info.plist"; sourceTree = "<group>"; };
		79122CEE193FF85E0032E797 /* en */ = {isa = PBXFileReference; lastKnownFileType = text.plist.strings; name = en; path = en.lproj/InfoPlist.strings; sourceTree = "<group>"; };
		79122CF0193FF85E0032E797 /* main.m */ = {isa = PBXFileReference; lastKnownFileType = sourcecode.c.objc; path = main.m; sourceTree = "<group>"; };
		79122CF2193FF85E0032E797 /* myAddressBook-Prefix.pch */ = {isa = PBXFileReference; lastKnownFileType = sourcecode.c.h; path = "myAddressBook-Prefix.pch"; sourceTree = "<group>"; };
		79122CF3193FF85E0032E797 /* FCLAppDelegate.h */ = {isa = PBXFileReference; lastKnownFileType = sourcecode.c.h; path = FCLAppDelegate.h; sourceTree = "<group>"; };
		79122CF4193FF85E0032E797 /* FCLAppDelegate.m */ = {isa = PBXFileReference; lastKnownFileType = sourcecode.c.objc; path = FCLAppDelegate.m; sourceTree = "<group>"; };
		79122CF7193FF85E0032E797 /* Base */ = {isa = PBXFileReference; lastKnownFileType = file.storyboard; name = Base; path = Base.lproj/Main.storyboard; sourceTree = "<group>"; };
		79122CF9193FF85E0032E797 /* FCLViewController.h */ = {isa = PBXFileReference; lastKnownFileType = sourcecode.c.h; path = FCLViewController.h; sourceTree = "<group>"; };
		79122CFA193FF85E0032E797 /* FCLViewController.m */ = {isa = PBXFileReference; lastKnownFileType = sourcecode.c.objc; path = FCLViewController.m; sourceTree = "<group>"; };
		79122CFC193FF85E0032E797 /* Images.xcassets */ = {isa = PBXFileReference; lastKnownFileType = folder.assetcatalog; path = Images.xcassets; sourceTree = "<group>"; };
		79122D02193FF85E0032E797 /* myAddressBookTests.xctest */ = {isa = PBXFileReference; explicitFileType = wrapper.cfbundle; includeInIndex = 0; path = myAddressBookTests.xctest; sourceTree = BUILT_PRODUCTS_DIR; };
		79122D03193FF85E0032E797 /* XCTest.framework */ = {isa = PBXFileReference; lastKnownFileType = wrapper.framework; name = XCTest.framework; path = Library/Frameworks/XCTest.framework; sourceTree = DEVELOPER_DIR; };
		79122D0B193FF85E0032E797 /* myAddressBookTests-Info.plist */ = {isa = PBXFileReference; lastKnownFileType = text.plist.xml; path = "myAddressBookTests-Info.plist"; sourceTree = "<group>"; };
		79122D0D193FF85E0032E797 /* en */ = {isa = PBXFileReference; lastKnownFileType = text.plist.strings; name = en; path = en.lproj/InfoPlist.strings; sourceTree = "<group>"; };
		79122D0F193FF85E0032E797 /* myAddressBookTests.m */ = {isa = PBXFileReference; lastKnownFileType = sourcecode.c.objc; path = myAddressBookTests.m; sourceTree = "<group>"; };
/* End PBXFileReference section */

/* Begin PBXFrameworksBuildPhase section */
		79122CDE193FF85E0032E797 /* Frameworks */ = {
			isa = PBXFrameworksBuildPhase;
			buildActionMask = 2147483647;
			files = (
				79122CE7193FF85E0032E797 /* CoreGraphics.framework in Frameworks */,
				79122CE9193FF85E0032E797 /* UIKit.framework in Frameworks */,
				79122CE5193FF85E0032E797 /* Foundation.framework in Frameworks */,
			);
			runOnlyForDeploymentPostprocessing = 0;
		};
		79122CFF193FF85E0032E797 /* Frameworks */ = {
			isa = PBXFrameworksBuildPhase;
			buildActionMask = 2147483647;
			files = (
				79122D04193FF85E0032E797 /* XCTest.framework in Frameworks */,
				79122D06193FF85E0032E797 /* UIKit.framework in Frameworks */,
				79122D05193FF85E0032E797 /* Foundation.framework in Frameworks */,
			);
			runOnlyForDeploymentPostprocessing = 0;
		};
/* End PBXFrameworksBuildPhase section */

/* Begin PBXGroup section */
		79122CD8193FF85E0032E797 = {
			isa = PBXGroup;
			children = (
				79122CEA193FF85E0032E797 /* myAddressBook */,
				79122D09193FF85E0032E797 /* myAddressBookTests */,
				79122CE3193FF85E0032E797 /* Frameworks */,
				79122CE2193FF85E0032E797 /* Products */,
			);
			sourceTree = "<group>";
		};
		79122CE2193FF85E0032E797 /* Products */ = {
			isa = PBXGroup;
			children = (
				79122CE1193FF85E0032E797 /* myAddressBook.app */,
				79122D02193FF85E0032E797 /* myAddressBookTests.xctest */,
			);
			name = Products;
			sourceTree = "<group>";
		};
		79122CE3193FF85E0032E797 /* Frameworks */ = {
			isa = PBXGroup;
			children = (
				79122CE4193FF85E0032E797 /* Foundation.framework */,
				79122CE6193FF85E0032E797 /* CoreGraphics.framework */,
				79122CE8193FF85E0032E797 /* UIKit.framework */,
				79122D03193FF85E0032E797 /* XCTest.framework */,
			);
			name = Frameworks;
			sourceTree = "<group>";
		};
		79122CEA193FF85E0032E797 /* myAddressBook */ = {
			isa = PBXGroup;
			children = (
				79122CF3193FF85E0032E797 /* FCLAppDelegate.h */,
				79122CF4193FF85E0032E797 /* FCLAppDelegate.m */,
				79122CF6193FF85E0032E797 /* Main.storyboard */,
				79122CF9193FF85E0032E797 /* FCLViewController.h */,
				79122CFA193FF85E0032E797 /* FCLViewController.m */,
				79122CFC193FF85E0032E797 /* Images.xcassets */,
				79122CEB193FF85E0032E797 /* Supporting Files */,
			);
			path = myAddressBook;
			sourceTree = "<group>";
		};
		79122CEB193FF85E0032E797 /* Supporting Files */ = {
			isa = PBXGroup;
			children = (
				79122CEC193FF85E0032E797 /* myAddressBook-Info.plist */,
				79122CED193FF85E0032E797 /* InfoPlist.strings */,
				79122CF0193FF85E0032E797 /* main.m */,
				79122CF2193FF85E0032E797 /* myAddressBook-Prefix.pch */,
			);
			name = "Supporting Files";
			sourceTree = "<group>";
		};
		79122D09193FF85E0032E797 /* myAddressBookTests */ = {
			isa = PBXGroup;
			children = (
				79122D0F193FF85E0032E797 /* myAddressBookTests.m */,
				79122D0A193FF85E0032E797 /* Supporting Files */,
			);
			path = myAddressBookTests;
			sourceTree = "<group>";
		};
		79122D0A193FF85E0032E797 /* Supporting Files */ = {
			isa = PBXGroup;
			children = (
				79122D0B193FF85E0032E797 /* myAddressBookTests-Info.plist */,
				79122D0C193FF85E0032E797 /* InfoPlist.strings */,
			);
			name = "Supporting Files";
			sourceTree = "<group>";
		};
/* End PBXGroup section */

/* Begin PBXNativeTarget section */
		79122CE0193FF85E0032E797 /* myAddressBook */ = {
			isa = PBXNativeTarget;
			buildConfigurationList = 79122D13193FF85E0032E797 /* Build configuration list for PBXNativeTarget "myAddressBook" */;
			buildPhases = (
				79122CDD193FF85E0032E797 /* Sources */,
				79122CDE193FF85E0032E797 /* Frameworks */,
				79122CDF193FF85E0032E797 /* Resources */,
			);
			buildRules = (
			);
			dependencies = (
			);
			name = myAddressBook;
			productName = myAddressBook;
			productReference = 79122CE1193FF85E0032E797 /* myAddressBook.app */;
			productType = "com.apple.product-type.application";
		};
		79122D01193FF85E0032E797 /* myAddressBookTests */ = {
			isa = PBXNativeTarget;
			buildConfigurationList = 79122D16193FF85E0032E797 /* Build configuration list for PBXNativeTarget "myAddressBookTests" */;
			buildPhases = (
				79122CFE193FF85E0032E797 /* Sources */,
				79122CFF193FF85E0032E797 /* Frameworks */,
				79122D00193FF85E0032E797 /* Resources */,
			);
			buildRules = (
			);
			dependencies = (
				79122D08193FF85E0032E797 /* PBXTargetDependency */,
			);
			name = myAddressBookTests;
			productName = myAddressBookTests;
			productReference = 79122D02193FF85E0032E797 /* myAddressBookTests.xctest */;
			productType = "com.apple.product-type.bundle.unit-test";
		};
/* End PBXNativeTarget section */

/* Begin PBXProject section */
		79122CD9193FF85E0032E797 /* Project object */ = {
			isa = PBXProject;
			attributes = {
				CLASSPREFIX = FCL;
				LastUpgradeCheck = 0510;
				ORGANIZATIONNAME = IOS3;
				TargetAttributes = {
					79122D01193FF85E0032E797 = {
						TestTargetID = 79122CE0193FF85E0032E797;
					};
				};
			};
			buildConfigurationList = 79122CDC193FF85E0032E797 /* Build configuration list for PBXProject "myAddressBook" */;
			compatibilityVersion = "Xcode 3.2";
			developmentRegion = English;
			hasScannedForEncodings = 0;
			knownRegions = (
				en,
				Base,
			);
			mainGroup = 79122CD8193FF85E0032E797;
			productRefGroup = 79122CE2193FF85E0032E797 /* Products */;
			projectDirPath = "";
			projectRoot = "";
			targets = (
				79122CE0193FF85E0032E797 /* myAddressBook */,
				79122D01193FF85E0032E797 /* myAddressBookTests */,
			);
		};
/* End PBXProject section */

/* Begin PBXResourcesBuildPhase section */
		79122CDF193FF85E0032E797 /* Resources */ = {
			isa = PBXResourcesBuildPhase;
			buildActionMask = 2147483647;
			files = (
				79122CFD193FF85E0032E797 /* Images.xcassets in Resources */,
				79122CEF193FF85E0032E797 /* InfoPlist.strings in Resources */,
				79122CF8193FF85E0032E797 /* Main.storyboard in Resources */,
			);
			runOnlyForDeploymentPostprocessing = 0;
		};
		79122D00193FF85E0032E797 /* Resources */ = {
			isa = PBXResourcesBuildPhase;
			buildActionMask = 2147483647;
			files = (
				79122D0E193FF85E0032E797 /* InfoPlist.strings in Resources */,
			);
			runOnlyForDeploymentPostprocessing = 0;
		};
/* End PBXResourcesBuildPhase section */

/* Begin PBXSourcesBuildPhase section */
		79122CDD193FF85E0032E797 /* Sources */ = {
			isa = PBXSourcesBuildPhase;
			buildActionMask = 2147483647;
			files = (
				79122CF5193FF85E0032E797 /* FCLAppDelegate.m in Sources */,
				79122CF1193FF85E0032E797 /* main.m in Sources */,
				79122CFB193FF85E0032E797 /* FCLViewController.m in Sources */,
			);
			runOnlyForDeploymentPostprocessing = 0;
		};
		79122CFE193FF85E0032E797 /* Sources */ = {
			isa = PBXSourcesBuildPhase;
			buildActionMask = 2147483647;
			files = (
				79122D10193FF85E0032E797 /* myAddressBookTests.m in Sources */,
			);
			runOnlyForDeploymentPostprocessing = 0;
		};
/* End PBXSourcesBuildPhase section */

/* Begin PBXTargetDependency section */
		79122D08193FF85E0032E797 /* PBXTargetDependency */ = {
			isa = PBXTargetDependency;
			target = 79122CE0193FF85E0032E797 /* myAddressBook */;
			targetProxy = 79122D07193FF85E0032E797 /* PBXContainerItemProxy */;
		};
/* End PBXTargetDependency section */

/* Begin PBXVariantGroup section */
		79122CED193FF85E0032E797 /* InfoPlist.strings */ = {
			isa = PBXVariantGroup;
			children = (
				79122CEE193FF85E0032E797 /* en */,
			);
			name = InfoPlist.strings;
			sourceTree = "<group>";
		};
		79122CF6193FF85E0032E797 /* Main.storyboard */ = {
			isa = PBXVariantGroup;
			children = (
				79122CF7193FF85E0032E797 /* Base */,
			);
			name = Main.storyboard;
			sourceTree = "<group>";
		};
		79122D0C193FF85E0032E797 /* InfoPlist.strings */ = {
			isa = PBXVariantGroup;
			children = (
				79122D0D193FF85E0032E797 /* en */,
			);
			name = InfoPlist.strings;
			sourceTree = "<group>";
		};
/* End PBXVariantGroup section */

/* Begin XCBuildConfiguration section */
		79122D11193FF85E0032E797 /* Debug */ = {
			isa = XCBuildConfiguration;
			buildSettings = {
				ALWAYS_SEARCH_USER_PATHS = NO;
				CLANG_CXX_LANGUAGE_STANDARD = "gnu++0x";
				CLANG_CXX_LIBRARY = "libc++";
				CLANG_ENABLE_MODULES = YES;
				CLANG_ENABLE_OBJC_ARC = YES;
				CLANG_WARN_BOOL_CONVERSION = YES;
				CLANG_WARN_CONSTANT_CONVERSION = YES;
				CLANG_WARN_DIRECT_OBJC_ISA_USAGE = YES_ERROR;
				CLANG_WARN_EMPTY_BODY = YES;
				CLANG_WARN_ENUM_CONVERSION = YES;
				CLANG_WARN_INT_CONVERSION = YES;
				CLANG_WARN_OBJC_ROOT_CLASS = YES_ERROR;
				CLANG_WARN__DUPLICATE_METHOD_MATCH = YES;
				"CODE_SIGN_IDENTITY[sdk=iphoneos*]" = "iPhone Developer";
				COPY_PHASE_STRIP = NO;
				GCC_C_LANGUAGE_STANDARD = gnu99;
				GCC_DYNAMIC_NO_PIC = NO;
				GCC_OPTIMIZATION_LEVEL = 0;
				GCC_PREPROCESSOR_DEFINITIONS = (
					"DEBUG=1",
					"$(inherited)",
				);
				GCC_SYMBOLS_PRIVATE_EXTERN = NO;
				GCC_WARN_64_TO_32_BIT_CONVERSION = YES;
				GCC_WARN_ABOUT_RETURN_TYPE = YES_ERROR;
				GCC_WARN_UNDECLARED_SELECTOR = YES;
				GCC_WARN_UNINITIALIZED_AUTOS = YES_AGGRESSIVE;
				GCC_WARN_UNUSED_FUNCTION = YES;
				GCC_WARN_UNUSED_VARIABLE = YES;
				IPHONEOS_DEPLOYMENT_TARGET = 7.1;
				ONLY_ACTIVE_ARCH = YES;
				SDKROOT = iphoneos;
			};
			name = Debug;
		};
		79122D12193FF85E0032E797 /* Release */ = {
			isa = XCBuildConfiguration;
			buildSettings = {
				ALWAYS_SEARCH_USER_PATHS = NO;
				CLANG_CXX_LANGUAGE_STANDARD = "gnu++0x";
				CLANG_CXX_LIBRARY = "libc++";
				CLANG_ENABLE_MODULES = YES;
				CLANG_ENABLE_OBJC_ARC = YES;
				CLANG_WARN_BOOL_CONVERSION = YES;
				CLANG_WARN_CONSTANT_CONVERSION = YES;
				CLANG_WARN_DIRECT_OBJC_ISA_USAGE = YES_ERROR;
				CLANG_WARN_EMPTY_BODY = YES;
				CLANG_WARN_ENUM_CONVERSION = YES;
				CLANG_WARN_INT_CONVERSION = YES;
				CLANG_WARN_OBJC_ROOT_CLASS = YES_ERROR;
				CLANG_WARN__DUPLICATE_METHOD_MATCH = YES;
				"CODE_SIGN_IDENTITY[sdk=iphoneos*]" = "iPhone Developer";
				COPY_PHASE_STRIP = YES;
				ENABLE_NS_ASSERTIONS = NO;
				GCC_C_LANGUAGE_STANDARD = gnu99;
				GCC_WARN_64_TO_32_BIT_CONVERSION = YES;
				GCC_WARN_ABOUT_RETURN_TYPE = YES_ERROR;
				GCC_WARN_UNDECLARED_SELECTOR = YES;
				GCC_WARN_UNINITIALIZED_AUTOS = YES_AGGRESSIVE;
				GCC_WARN_UNUSED_FUNCTION = YES;
				GCC_WARN_UNUSED_VARIABLE = YES;
				IPHONEOS_DEPLOYMENT_TARGET = 7.1;
				SDKROOT = iphoneos;
				VALIDATE_PRODUCT = YES;
			};
			name = Release;
		};
		79122D14193FF85E0032E797 /* Debug */ = {
			isa = XCBuildConfiguration;
			buildSettings = {
				ASSETCATALOG_COMPILER_APPICON_NAME = AppIcon;
				ASSETCATALOG_COMPILER_LAUNCHIMAGE_NAME = LaunchImage;
				GCC_PRECOMPILE_PREFIX_HEADER = YES;
				GCC_PREFIX_HEADER = "myAddressBook/myAddressBook-Prefix.pch";
				INFOPLIST_FILE = "myAddressBook/myAddressBook-Info.plist";
				PRODUCT_NAME = "$(TARGET_NAME)";
				WRAPPER_EXTENSION = app;
			};
			name = Debug;
		};
		79122D15193FF85E0032E797 /* Release */ = {
			isa = XCBuildConfiguration;
			buildSettings = {
				ASSETCATALOG_COMPILER_APPICON_NAME = AppIcon;
				ASSETCATALOG_COMPILER_LAUNCHIMAGE_NAME = LaunchImage;
				GCC_PRECOMPILE_PREFIX_HEADER = YES;
				GCC_PREFIX_HEADER = "myAddressBook/myAddressBook-Prefix.pch";
				INFOPLIST_FILE = "myAddressBook/myAddressBook-Info.plist";
				PRODUCT_NAME = "$(TARGET_NAME)";
				WRAPPER_EXTENSION = app;
			};
			name = Release;
		};
		79122D17193FF85E0032E797 /* Debug */ = {
			isa = XCBuildConfiguration;
			buildSettings = {
				BUNDLE_LOADER = "$(BUILT_PRODUCTS_DIR)/myAddressBook.app/myAddressBook";
				FRAMEWORK_SEARCH_PATHS = (
					"$(SDKROOT)/Developer/Library/Frameworks",
					"$(inherited)",
					"$(DEVELOPER_FRAMEWORKS_DIR)",
				);
				GCC_PRECOMPILE_PREFIX_HEADER = YES;
				GCC_PREFIX_HEADER = "myAddressBook/myAddressBook-Prefix.pch";
				GCC_PREPROCESSOR_DEFINITIONS = (
					"DEBUG=1",
					"$(inherited)",
				);
				INFOPLIST_FILE = "myAddressBookTests/myAddressBookTests-Info.plist";
				PRODUCT_NAME = "$(TARGET_NAME)";
				TEST_HOST = "$(BUNDLE_LOADER)";
				WRAPPER_EXTENSION = xctest;
			};
			name = Debug;
		};
		79122D18193FF85E0032E797 /* Release */ = {
			isa = XCBuildConfiguration;
			buildSettings = {
				BUNDLE_LOADER = "$(BUILT_PRODUCTS_DIR)/myAddressBook.app/myAddressBook";
				FRAMEWORK_SEARCH_PATHS = (
					"$(SDKROOT)/Developer/Library/Frameworks",
					"$(inherited)",
					"$(DEVELOPER_FRAMEWORKS_DIR)",
				);
				GCC_PRECOMPILE_PREFIX_HEADER = YES;
				GCC_PREFIX_HEADER = "myAddressBook/myAddressBook-Prefix.pch";
				INFOPLIST_FILE = "myAddressBookTests/myAddressBookTests-Info.plist";
				PRODUCT_NAME = "$(TARGET_NAME)";
				TEST_HOST = "$(BUNDLE_LOADER)";
				WRAPPER_EXTENSION = xctest;
			};
			name = Release;
		};
/* End XCBuildConfiguration section */

/* Begin XCConfigurationList section */
		79122CDC193FF85E0032E797 /* Build configuration list for PBXProject "myAddressBook" */ = {
			isa = XCConfigurationList;
			buildConfigurations = (
				79122D11193FF85E0032E797 /* Debug */,
				79122D12193FF85E0032E797 /* Release */,
			);
			defaultConfigurationIsVisible = 0;
			defaultConfigurationName = Release;
		};
		79122D13193FF85E0032E797 /* Build configuration list for PBXNativeTarget "myAddressBook" */ = {
			isa = XCConfigurationList;
			buildConfigurations = (
				79122D14193FF85E0032E797 /* Debug */,
				79122D15193FF85E0032E797 /* Release */,
			);
			defaultConfigurationIsVisible = 0;
		};
		79122D16193FF85E0032E797 /* Build configuration list for PBXNativeTarget "myAddressBookTests" */ = {
			isa = XCConfigurationList;
			buildConfigurations = (
				79122D17193FF85E0032E797 /* Debug */,
				79122D18193FF85E0032E797 /* Release */,
			);
			defaultConfigurationIsVisible = 0;
		};
/* End XCConfigurationList section */
	};
	rootObject = 79122CD9193FF85E0032E797 /* Project object */;
}
